
Microsoft Visual Studio Solution File, Format Version 12.00
# Visual Studio 15
VisualStudioVersion = 15.0.33529.398
MinimumVisualStudioVersion = 10.0.40219.1
Project("{FAE04EC0-301F-11D3-BF4B-00C04F79EFBC}") = "Travel_Trip_Project", "Travel_Trip_Project\Travel_Trip_Project.csproj", "{70AE2113-BBBA-4E29-BE19-5D379146817F}"
EndProject
Global
	GlobalSection(SolutionConfigurationPlatforms) = preSolution
		Debug|Any CPU = Debug|Any CPU
		Release|Any CPU = Release|Any CPU
	EndGlobalSection
	GlobalSection(ProjectConfigurationPlatforms) = postSolution
		{70AE2113-BBBA-4E29-BE19-5D379146817F}.Debug|Any CPU.ActiveCfg = Debug|Any CPU
		{70AE2113-BBBA-4E29-BE19-5D379146817F}.Debug|Any CPU.Build.0 = Debug|Any CPU
		{70AE2113-BBBA-4E29-BE19-5D379146817F}.Release|Any CPU.ActiveCfg = Release|Any CPU
		{70AE2113-BBBA-4E29-BE19-5D379146817F}.Release|Any CPU.Build.0 = Release|Any CPU
	EndGlobalSection
	GlobalSection(SolutionProperties) = preSolution
		HideSolutionNode = FALSE
	EndGlobalSection
	GlobalSection(ExtensibilityGlobals) = postSolution
		SolutionGuid = {1B4430B5-AE9C-4218-BC24-1CDAE8CF1194}
	EndGlobalSection
EndGlobal
